// !$*UTF8*$!
{
	archiveVersion = 1;
	classes = {
	};
	objectVersion = 46;
	objects = {

/* Begin PBXBuildFile section */
		32F152DA1BD717160085AFE9 /* AppDelegate.swift in Sources */ = {isa = PBXBuildFile; fileRef = 32F152D91BD717160085AFE9 /* AppDelegate.swift */; };
		32F152DC1BD717160085AFE9 /* ViewController.swift in Sources */ = {isa = PBXBuildFile; fileRef = 32F152DB1BD717160085AFE9 /* ViewController.swift */; };
		32F152DF1BD717160085AFE9 /* Main.storyboard in Resources */ = {isa = PBXBuildFile; fileRef = 32F152DD1BD717160085AFE9 /* Main.storyboard */; };
		32F152E11BD717160085AFE9 /* Assets.xcassets in Resources */ = {isa = PBXBuildFile; fileRef = 32F152E01BD717160085AFE9 /* Assets.xcassets */; };
		32F152E41BD717160085AFE9 /* LaunchScreen.storyboard in Resources */ = {isa = PBXBuildFile; fileRef = 32F152E21BD717160085AFE9 /* LaunchScreen.storyboard */; };
		32F152EC1BD717340085AFE9 /* LocalAuthentication.framework in Frameworks */ = {isa = PBXBuildFile; fileRef = 32F152EB1BD717340085AFE9 /* LocalAuthentication.framework */; };
/* End PBXBuildFile section */

/* Begin PBXFileReference section */
		32F152D61BD717160085AFE9 /* Touch ID Demo.app */ = {isa = PBXFileReference; explicitFileType = wrapper.application; includeInIndex = 0; path = "Touch ID Demo.app"; sourceTree = BUILT_PRODUCTS_DIR; };
		32F152D91BD717160085AFE9 /* AppDelegate.swift */ = {isa = PBXFileReference; lastKnownFileType = sourcecode.swift; path = AppDelegate.swift; sourceTree = "<group>"; };
		32F152DB1BD717160085AFE9 /* ViewController.swift */ = {isa = PBXFileReference; lastKnownFileType = sourcecode.swift; path = ViewController.swift; sourceTree = "<group>"; };
		32F152DE1BD717160085AFE9 /* Base */ = {isa = PBXFileReference; lastKnownFileType = file.storyboard; name = Base; path = Base.lproj/Main.storyboard; sourceTree = "<group>"; };
		32F152E01BD717160085AFE9 /* Assets.xcassets */ = {isa = PBXFileReference; lastKnownFileType = folder.assetcatalog; path = Assets.xcassets; sourceTree = "<group>"; };
		32F152E31BD717160085AFE9 /* Base */ = {isa = PBXFileReference; lastKnownFileType = file.storyboard; name = Base; path = Base.lproj/LaunchScreen.storyboard; sourceTree = "<group>"; };
		32F152E51BD717160085AFE9 /* Info.plist */ = {isa = PBXFileReference; lastKnownFileType = text.plist.xml; path = Info.plist; sourceTree = "<group>"; };
		32F152EB1BD717340085AFE9 /* LocalAuthentication.framework */ = {isa = PBXFileReference; lastKnownFileType = wrapper.framework; name = LocalAuthentication.framework; path = System/Library/Frameworks/LocalAuthentication.framework; sourceTree = SDKROOT; };
/* End PBXFileReference section */

/* Begin PBXFrameworksBuildPhase section */
		32F152D31BD717160085AFE9 /* Frameworks */ = {
			isa = PBXFrameworksBuildPhase;
			buildActionMask = 2147483647;
			files = (
				32F152EC1BD717340085AFE9 /* LocalAuthentication.framework in Frameworks */,
			);
			runOnlyForDeploymentPostprocessing = 0;
		};
/* End PBXFrameworksBuildPhase section */

/* Begin PBXGroup section */
		32F152CD1BD717160085AFE9 = {
			isa = PBXGroup;
			children = (
				32F152EB1BD717340085AFE9 /* LocalAuthentication.framework */,
				32F152D81BD717160085AFE9 /* Touch ID Demo */,
				32F152D71BD717160085AFE9 /* Products */,
			);
			sourceTree = "<group>";
		};
		32F152D71BD717160085AFE9 /* Products */ = {
			isa = PBXGroup;
			children = (
				32F152D61BD717160085AFE9 /* Touch ID Demo.app */,
			);
			name = Products;
			sourceTree = "<group>";
		};
		32F152D81BD717160085AFE9 /* Touch ID Demo */ = {
			isa = PBXGroup;
			children = (
				32F152D91BD717160085AFE9 /* AppDelegate.swift */,
				32F152DB1BD717160085AFE9 /* ViewController.swift */,
				32F152DD1BD717160085AFE9 /* Main.storyboard */,
				32F152E01BD717160085AFE9 /* Assets.xcassets */,
				32F152E21BD717160085AFE9 /* LaunchScreen.storyboard */,
				32F152E51BD717160085AFE9 /* Info.plist */,
			);
			path = "Touch ID Demo";
			sourceTree = "<group>";
		};
/* End PBXGroup section */

/* Begin PBXNativeTarget section */
		32F152D51BD717160085AFE9 /* Touch ID Demo */ = {
			isa = PBXNativeTarget;
			buildConfigurationList = 32F152E81BD717160085AFE9 /* Build configuration list for PBXNativeTarget "Touch ID Demo" */;
			buildPhases = (
				32F152D21BD717160085AFE9 /* Sources */,
				32F152D31BD717160085AFE9 /* Frameworks */,
				32F152D41BD717160085AFE9 /* Resources */,
			);
			buildRules = (
			);
			dependencies = (
			);
			name = "Touch ID Demo";
			productName = "Touch ID Demo";
			productReference = 32F152D61BD717160085AFE9 /* Touch ID Demo.app */;
			productType = "com.apple.product-type.application";
		};
/* End PBXNativeTarget section */

/* Begin PBXProject section */
		32F152CE1BD717160085AFE9 /* Project object */ = {
			isa = PBXProject;
			attributes = {
				LastUpgradeCheck = 0700;
				ORGANIZATIONNAME = TangWeichang;
				TargetAttributes = {
					32F152D51BD717160085AFE9 = {
						CreatedOnToolsVersion = 7.0;
						DevelopmentTeam = HEHUEH4R7F;
					};
				};
			};
			buildConfigurationList = 32F152D11BD717160085AFE9 /* Build configuration list for PBXProject "Touch ID Demo" */;
			compatibilityVersion = "Xcode 3.2";
			developmentRegion = English;
			hasScannedForEncodings = 0;
			knownRegions = (
				en,
				Base,
			);
			mainGroup = 32F152CD1BD717160085AFE9;
			productRefGroup = 32F152D71BD717160085AFE9 /* Products */;
			projectDirPath = "";
			projectRoot = "";
			targets = (
				32F152D51BD717160085AFE9 /* Touch ID Demo */,
			);
		};
/* End PBXProject section */

/* Begin PBXResourcesBuildPhase section */
		32F152D41BD717160085AFE9 /* Resources */ = {
			isa = PBXResourcesBuildPhase;
			buildActionMask = 2147483647;
			files = (
				32F152E41BD717160085AFE9 /* LaunchScreen.storyboard in Resources */,
				32F152E11BD717160085AFE9 /* Assets.xcassets in Resources */,
				32F152DF1BD717160085AFE9 /* Main.storyboard in Resources */,
			);
			runOnlyForDeploymentPostprocessing = 0;
		};
/* End PBXResourcesBuildPhase section */

/* Begin PBXSourcesBuildPhase section */
		32F152D21BD717160085AFE9 /* Sources */ = {
			isa = PBXSourcesBuildPhase;
			buildActionMask = 2147483647;
			files = (
				32F152DC1BD717160085AFE9 /* ViewController.swift in Sources */,
				32F152DA1BD717160085AFE9 /* AppDelegate.swift in Sources */,
			);
			runOnlyForDeploymentPostprocessing = 0;
		};
/* End PBXSourcesBuildPhase section */

/* Begin PBXVariantGroup section */
		32F152DD1BD717160085AFE9 /* Main.storyboard */ = {
			isa = PBXVariantGroup;
			children = (
				32F152DE1BD717160085AFE9 /* Base */,
			);
			name = Main.storyboard;
			sourceTree = "<group>";
		};
		32F152E21BD717160085AFE9 /* LaunchScreen.storyboard */ = {
			isa = PBXVariantGroup;
			children = (
				32F152E31BD717160085AFE9 /* Base */,
			);
			name = LaunchScreen.storyboard;
			sourceTree = "<group>";
		};
/* End PBXVariantGroup section */

/* Begin XCBuildConfiguration section */
		32F152E61BD717160085AFE9 /* Debug */ = {
			isa = XCBuildConfiguration;
			buildSettings = {
				ALWAYS_SEARCH_USER_PATHS = NO;
				CLANG_CXX_LANGUAGE_STANDARD = "gnu++0x";
				CLANG_CXX_LIBRARY = "libc++";
				CLANG_ENABLE_MODULES = YES;
				CLANG_ENABLE_OBJC_ARC = YES;
				CLANG_WARN_BOOL_CONVERSION = YES;
				CLANG_WARN_CONSTANT_CONVERSION = YES;
				CLANG_WARN_DIRECT_OBJC_ISA_USAGE = YES_ERROR;
				CLANG_WARN_EMPTY_BODY = YES;
				CLANG_WARN_ENUM_CONVERSION = YES;
				CLANG_WARN_INT_CONVERSION = YES;
				CLANG_WARN_OBJC_ROOT_CLASS = YES_ERROR;
				CLANG_WARN_UNREACHABLE_CODE = YES;
				CLANG_WARN__DUPLICATE_METHOD_MATCH = YES;
				"CODE_SIGN_IDENTITY[sdk=iphoneos*]" = "iPhone Developer";
				COPY_PHASE_STRIP = NO;
				DEBUG_INFORMATION_FORMAT = dwarf;
				ENABLE_STRICT_OBJC_MSGSEND = YES;
				ENABLE_TESTABILITY = YES;
				GCC_C_LANGUAGE_STANDARD = gnu99;
				GCC_DYNAMIC_NO_PIC = NO;
				GCC_NO_COMMON_BLOCKS = YES;
				GCC_OPTIMIZATION_LEVEL = 0;
				GCC_PREPROCESSOR_DEFINITIONS = (
					"DEBUG=1",
					"$(inherited)",
				);
				GCC_WARN_64_TO_32_BIT_CONVERSION = YES;
				GCC_WARN_ABOUT_RETURN_TYPE = YES_ERROR;
				GCC_WARN_UNDECLARED_SELECTOR = YES;
				GCC_WARN_UNINITIALIZED_AUTOS = YES_AGGRESSIVE;
				GCC_WARN_UNUSED_FUNCTION = YES;
				GCC_WARN_UNUSED_VARIABLE = YES;
				IPHONEOS_DEPLOYMENT_TARGET = 9.0;
				MTL_ENABLE_DEBUG_INFO = YES;
				ONLY_ACTIVE_ARCH = YES;
				SDKROOT = iphoneos;
				SWIFT_OPTIMIZATION_LEVEL = "-Onone";
				TARGETED_DEVICE_FAMILY = "1,2";
			};
			name = Debug;
		};
		32F152E71BD717160085AFE9 /* Release */ = {
			isa = XCBuildConfiguration;
			buildSettings = {
				ALWAYS_SEARCH_USER_PATHS = NO;
				CLANG_CXX_LANGUAGE_STANDARD = "gnu++0x";
				CLANG_CXX_LIBRARY = "libc++";
				CLANG_ENABLE_MODULES = YES;
				CLANG_ENABLE_OBJC_ARC = YES;
				CLANG_WARN_BOOL_CONVERSION = YES;
				CLANG_WARN_CONSTANT_CONVERSION = YES;
				CLANG_WARN_DIRECT_OBJC_ISA_USAGE = YES_ERROR;
				CLANG_WARN_EMPTY_BODY = YES;
				CLANG_WARN_ENUM_CONVERSION = YES;
				CLANG_WARN_INT_CONVERSION = YES;
				CLANG_WARN_OBJC_ROOT_CLASS = YES_ERROR;
				CLANG_WARN_UNREACHABLE_CODE = YES;
				CLANG_WARN__DUPLICATE_METHOD_MATCH = YES;
				"CODE_SIGN_IDENTITY[sdk=iphoneos*]" = "iPhone Developer";
				COPY_PHASE_STRIP = NO;
				DEBUG_INFORMATION_FORMAT = "dwarf-with-dsym";
				ENABLE_NS_ASSERTIONS = NO;
				ENABLE_STRICT_OBJC_MSGSEND = YES;
				GCC_C_LANGUAGE_STANDARD = gnu99;
				GCC_NO_COMMON_BLOCKS = YES;
				GCC_WARN_64_TO_32_BIT_CONVERSION = YES;
				GCC_WARN_ABOUT_RETURN_TYPE = YES_ERROR;
				GCC_WARN_UNDECLARED_SELECTOR = YES;
				GCC_WARN_UNINITIALIZED_AUTOS = YES_AGGRESSIVE;
				GCC_WARN_UNUSED_FUNCTION = YES;
				GCC_WARN_UNUSED_VARIABLE = YES;
				IPHONEOS_DEPLOYMENT_TARGET = 9.0;
				MTL_ENABLE_DEBUG_INFO = NO;
				SDKROOT = iphoneos;
				TARGETED_DEVICE_FAMILY = "1,2";
				VALIDATE_PRODUCT = YES;
			};
			name = Release;
		};
		32F152E91BD717160085AFE9 /* Debug */ = {
			isa = XCBuildConfiguration;
			buildSettings = {
				ASSETCATALOG_COMPILER_APPICON_NAME = AppIcon;
				INFOPLIST_FILE = "Touch ID Demo/Info.plist";
				LD_RUNPATH_SEARCH_PATHS = "$(inherited) @executable_path/Frameworks";
				PRODUCT_BUNDLE_IDENTIFIER = "weichang.apptry.Touch-ID-Demo";
				PRODUCT_NAME = "$(TARGET_NAME)";
			};
			name = Debug;
		};
		32F152EA1BD717160085AFE9 /* Release */ = {
			isa = XCBuildConfiguration;
			buildSettings = {
				ASSETCATALOG_COMPILER_APPICON_NAME = AppIcon;
				INFOPLIST_FILE = "Touch ID Demo/Info.plist";
				LD_RUNPATH_SEARCH_PATHS = "$(inherited) @executable_path/Frameworks";
				PRODUCT_BUNDLE_IDENTIFIER = "weichang.apptry.Touch-ID-Demo";
				PRODUCT_NAME = "$(TARGET_NAME)";
			};
			name = Release;
		};
/* End XCBuildConfiguration section */

/* Begin XCConfigurationList section */
		32F152D11BD717160085AFE9 /* Build configuration list for PBXProject "Touch ID Demo" */ = {
			isa = XCConfigurationList;
			buildConfigurations = (
				32F152E61BD717160085AFE9 /* Debug */,
				32F152E71BD717160085AFE9 /* Release */,
			);
			defaultConfigurationIsVisible = 0;
			defaultConfigurationName = Release;
		};
		32F152E81BD717160085AFE9 /* Build configuration list for PBXNativeTarget "Touch ID Demo" */ = {
			isa = XCConfigurationList;
			buildConfigurations = (
				32F152E91BD717160085AFE9 /* Debug */,
				32F152EA1BD717160085AFE9 /* Release */,
			);
			defaultConfigurationIsVisible = 0;
		};
/* End XCConfigurationList section */
	};
	rootObject = 32F152CE1BD717160085AFE9 /* Project object */;
}
